PODS:
  - RxRelay (6.5.0):
    - RxSwift (= 6.5.0)
  - RxSwift (6.5.0)

DEPENDENCIES:
  - RxRelay (= 6.5.0)
  - RxSwift (= 6.5.0)

SPEC REPOS:
  trunk:
    - RxRelay
    - RxSwift

SPEC CHECKSUMS:
  RxRelay: 1de1523e604c72b6c68feadedd1af3b1b4d0ecbd
  RxSwift: 5710a9e6b17f3c3d6e40d6e559b9fa1e813b2ef8

PODFILE CHECKSUM: dee5627c878355aafba87f71558d6ea6f62ef7f0

COCOAPODS: 1.16.2
